
Microsoft Visual Studio Solution File, Format Version 12.00
# Visual Studio Version 17
VisualStudioVersion = 17.14.36603.0 d17.14
MinimumVisualStudioVersion = 10.0.40219.1
Project("{54A90642-561A-4BB1-A94E-469ADEE60C69}") = "gamedeck.client", "gamedeck.client\gamedeck.client.esproj", "{8CCC73B3-316E-18A6-E315-09EFA3F75C71}"
EndProject
Project("{FAE04EC0-301F-11D3-BF4B-00C04F79EFBC}") = "GameDeck.Server", "GameDeck.Server\GameDeck.Server.csproj", "{27873551-06FF-458F-96A9-F6FE568505E7}"
EndProject
Project("{FAE04EC0-301F-11D3-BF4B-00C04F79EFBC}") = "GameDeckModel", "GameDeckModel\GameDeckModel.csproj", "{3F240BEF-A015-87ED-B48A-75B40FE91A3E}"
EndProject
Global
	GlobalSection(SolutionConfigurationPlatforms) = preSolution
		Debug|Any CPU = Debug|Any CPU
		Release|Any CPU = Release|Any CPU
	EndGlobalSection
	GlobalSection(ProjectConfigurationPlatforms) = postSolution
		{8CCC73B3-316E-18A6-E315-09EFA3F75C71}.Debug|Any CPU.ActiveCfg = Debug|Any CPU
		{8CCC73B3-316E-18A6-E315-09EFA3F75C71}.Debug|Any CPU.Build.0 = Debug|Any CPU
		{8CCC73B3-316E-18A6-E315-09EFA3F75C71}.Debug|Any CPU.Deploy.0 = Debug|Any CPU
		{8CCC73B3-316E-18A6-E315-09EFA3F75C71}.Release|Any CPU.ActiveCfg = Release|Any CPU
		{8CCC73B3-316E-18A6-E315-09EFA3F75C71}.Release|Any CPU.Build.0 = Release|Any CPU
		{8CCC73B3-316E-18A6-E315-09EFA3F75C71}.Release|Any CPU.Deploy.0 = Release|Any CPU
		{27873551-06FF-458F-96A9-F6FE568505E7}.Debug|Any CPU.ActiveCfg = Debug|Any CPU
		{27873551-06FF-458F-96A9-F6FE568505E7}.Debug|Any CPU.Build.0 = Debug|Any CPU
		{27873551-06FF-458F-96A9-F6FE568505E7}.Release|Any CPU.ActiveCfg = Release|Any CPU
		{27873551-06FF-458F-96A9-F6FE568505E7}.Release|Any CPU.Build.0 = Release|Any CPU
		{3F240BEF-A015-87ED-B48A-75B40FE91A3E}.Debug|Any CPU.ActiveCfg = Debug|Any CPU
		{3F240BEF-A015-87ED-B48A-75B40FE91A3E}.Debug|Any CPU.Build.0 = Debug|Any CPU
		{3F240BEF-A015-87ED-B48A-75B40FE91A3E}.Release|Any CPU.ActiveCfg = Release|Any CPU
		{3F240BEF-A015-87ED-B48A-75B40FE91A3E}.Release|Any CPU.Build.0 = Release|Any CPU
	EndGlobalSection
	GlobalSection(SolutionProperties) = preSolution
		HideSolutionNode = FALSE
	EndGlobalSection
	GlobalSection(ExtensibilityGlobals) = postSolution
		SolutionGuid = {1747A3F7-48EC-417E-9290-70C51905AF37}
	EndGlobalSection
EndGlobal
